
Microsoft Visual Studio Solution File, Format Version 12.00
# Visual Studio Version 16
VisualStudioVersion = 16.0.30011.22
MinimumVisualStudioVersion = 10.0.40219.1
Project("{9A19103F-16F7-4668-BE54-9A1E7A4F7556}") = "EmptyMVCCore", "EmptyMVCCore\EmptyMVCCore.csproj", "{ECC73856-8714-46C5-ACAA-1D037D8FBBE0}"
EndProject
Project("{9A19103F-16F7-4668-BE54-9A1E7A4F7556}") = "Bethany.Data", "Bethany.Data\Bethany.Data.csproj", "{B39C7D93-74B2-461F-B829-02531496C2BF}"
EndProject
Global
	GlobalSection(SolutionConfigurationPlatforms) = preSolution
		Debug|Any CPU = Debug|Any CPU
		Release|Any CPU = Release|Any CPU
	EndGlobalSection
	GlobalSection(ProjectConfigurationPlatforms) = postSolution
		{ECC73856-8714-46C5-ACAA-1D037D8FBBE0}.Debug|Any CPU.ActiveCfg = Debug|Any CPU
		{ECC73856-8714-46C5-ACAA-1D037D8FBBE0}.Debug|Any CPU.Build.0 = Debug|Any CPU
		{ECC73856-8714-46C5-ACAA-1D037D8FBBE0}.Release|Any CPU.ActiveCfg = Release|Any CPU
		{ECC73856-8714-46C5-ACAA-1D037D8FBBE0}.Release|Any CPU.Build.0 = Release|Any CPU
		{B39C7D93-74B2-461F-B829-02531496C2BF}.Debug|Any CPU.ActiveCfg = Debug|Any CPU
		{B39C7D93-74B2-461F-B829-02531496C2BF}.Debug|Any CPU.Build.0 = Debug|Any CPU
		{B39C7D93-74B2-461F-B829-02531496C2BF}.Release|Any CPU.ActiveCfg = Release|Any CPU
		{B39C7D93-74B2-461F-B829-02531496C2BF}.Release|Any CPU.Build.0 = Release|Any CPU
	EndGlobalSection
	GlobalSection(SolutionProperties) = preSolution
		HideSolutionNode = FALSE
	EndGlobalSection
	GlobalSection(ExtensibilityGlobals) = postSolution
		SolutionGuid = {8C0506D1-7A48-417E-986E-13BE109C38B7}
	EndGlobalSection
EndGlobal
